// !$*UTF8*$!
{
	archiveVersion = 1;
	classes = {
	};
	objectVersion = 56;
	objects = {

/* Begin PBXBuildFile section */
		FCBD98772A6BE0040036E418 /* ConstellationApp.swift in Sources */ = {isa = PBXBuildFile; fileRef = FCBD98762A6BE0040036E418 /* ConstellationApp.swift */; };
		FCBD98792A6BE0040036E418 /* ContentView.swift in Sources */ = {isa = PBXBuildFile; fileRef = FCBD98782A6BE0040036E418 /* ContentView.swift */; };
		FCBD987B2A6BE0050036E418 /* Assets.xcassets in Resources */ = {isa = PBXBuildFile; fileRef = FCBD987A2A6BE0050036E418 /* Assets.xcassets */; };
		FCBD987E2A6BE0050036E418 /* Preview Assets.xcassets in Resources */ = {isa = PBXBuildFile; fileRef = FCBD987D2A6BE0050036E418 /* Preview Assets.xcassets */; };
		FCBD988C2A6BE0510036E418 /* WidgetKit.framework in Frameworks */ = {isa = PBXBuildFile; fileRef = FCBD988B2A6BE0510036E418 /* WidgetKit.framework */; };
		FCBD988E2A6BE0510036E418 /* SwiftUI.framework in Frameworks */ = {isa = PBXBuildFile; fileRef = FCBD988D2A6BE0510036E418 /* SwiftUI.framework */; };
		FCBD98912A6BE0510036E418 /* Widget.swift in Sources */ = {isa = PBXBuildFile; fileRef = FCBD98902A6BE0510036E418 /* Widget.swift */; };
		FCBD98932A6BE0520036E418 /* Assets.xcassets in Resources */ = {isa = PBXBuildFile; fileRef = FCBD98922A6BE0520036E418 /* Assets.xcassets */; };
		FCBD98982A6BE0520036E418 /* WidgetExtension.appex in Embed Foundation Extensions */ = {isa = PBXBuildFile; fileRef = FCBD98892A6BE0510036E418 /* WidgetExtension.appex */; settings = {ATTRIBUTES = (RemoveHeadersOnCopy, ); }; };
/* End PBXBuildFile section */

/* Begin PBXContainerItemProxy section */
		FCBD98962A6BE0520036E418 /* PBXContainerItemProxy */ = {
			isa = PBXContainerItemProxy;
			containerPortal = FCBD986B2A6BE0040036E418 /* Project object */;
			proxyType = 1;
			remoteGlobalIDString = FCBD98882A6BE0510036E418;
			remoteInfo = WidgetExtension;
		};
/* End PBXContainerItemProxy section */

/* Begin PBXCopyFilesBuildPhase section */
		FCBD989C2A6BE0520036E418 /* Embed Foundation Extensions */ = {
			isa = PBXCopyFilesBuildPhase;
			buildActionMask = 2147483647;
			dstPath = "";
			dstSubfolderSpec = 13;
			files = (
				FCBD98982A6BE0520036E418 /* WidgetExtension.appex in Embed Foundation Extensions */,
			);
			name = "Embed Foundation Extensions";
			runOnlyForDeploymentPostprocessing = 0;
		};
/* End PBXCopyFilesBuildPhase section */

/* Begin PBXFileReference section */
		FCBD98732A6BE0040036E418 /* Constellation.app */ = {isa = PBXFileReference; explicitFileType = wrapper.application; includeInIndex = 0; path = Constellation.app; sourceTree = BUILT_PRODUCTS_DIR; };
		FCBD98762A6BE0040036E418 /* ConstellationApp.swift */ = {isa = PBXFileReference; lastKnownFileType = sourcecode.swift; path = ConstellationApp.swift; sourceTree = "<group>"; };
		FCBD98782A6BE0040036E418 /* ContentView.swift */ = {isa = PBXFileReference; lastKnownFileType = sourcecode.swift; path = ContentView.swift; sourceTree = "<group>"; };
		FCBD987A2A6BE0050036E418 /* Assets.xcassets */ = {isa = PBXFileReference; lastKnownFileType = folder.assetcatalog; path = Assets.xcassets; sourceTree = "<group>"; };
		FCBD987D2A6BE0050036E418 /* Preview Assets.xcassets */ = {isa = PBXFileReference; lastKnownFileType = folder.assetcatalog; path = "Preview Assets.xcassets"; sourceTree = "<group>"; };
		FCBD987F2A6BE0050036E418 /* Constellation.entitlements */ = {isa = PBXFileReference; lastKnownFileType = text.plist.entitlements; path = Constellation.entitlements; sourceTree = "<group>"; };
		FCBD98892A6BE0510036E418 /* WidgetExtension.appex */ = {isa = PBXFileReference; explicitFileType = "wrapper.app-extension"; includeInIndex = 0; path = WidgetExtension.appex; sourceTree = BUILT_PRODUCTS_DIR; };
		FCBD988B2A6BE0510036E418 /* WidgetKit.framework */ = {isa = PBXFileReference; lastKnownFileType = wrapper.framework; name = WidgetKit.framework; path = System/Library/Frameworks/WidgetKit.framework; sourceTree = SDKROOT; };
		FCBD988D2A6BE0510036E418 /* SwiftUI.framework */ = {isa = PBXFileReference; lastKnownFileType = wrapper.framework; name = SwiftUI.framework; path = System/Library/Frameworks/SwiftUI.framework; sourceTree = SDKROOT; };
		FCBD98902A6BE0510036E418 /* Widget.swift */ = {isa = PBXFileReference; lastKnownFileType = sourcecode.swift; path = Widget.swift; sourceTree = "<group>"; };
		FCBD98922A6BE0520036E418 /* Assets.xcassets */ = {isa = PBXFileReference; lastKnownFileType = folder.assetcatalog; path = Assets.xcassets; sourceTree = "<group>"; };
		FCBD98942A6BE0520036E418 /* Info.plist */ = {isa = PBXFileReference; lastKnownFileType = text.plist.xml; path = Info.plist; sourceTree = "<group>"; };
		FCBD98952A6BE0520036E418 /* Widget.entitlements */ = {isa = PBXFileReference; lastKnownFileType = text.plist.entitlements; path = Widget.entitlements; sourceTree = "<group>"; };
/* End PBXFileReference section */

/* Begin PBXFrameworksBuildPhase section */
		FCBD98702A6BE0040036E418 /* Frameworks */ = {
			isa = PBXFrameworksBuildPhase;
			buildActionMask = 2147483647;
			files = (
			);
			runOnlyForDeploymentPostprocessing = 0;
		};
		FCBD98862A6BE0510036E418 /* Frameworks */ = {
			isa = PBXFrameworksBuildPhase;
			buildActionMask = 2147483647;
			files = (
				FCBD988E2A6BE0510036E418 /* SwiftUI.framework in Frameworks */,
				FCBD988C2A6BE0510036E418 /* WidgetKit.framework in Frameworks */,
			);
			runOnlyForDeploymentPostprocessing = 0;
		};
/* End PBXFrameworksBuildPhase section */

/* Begin PBXGroup section */
		FCBD986A2A6BE0040036E418 = {
			isa = PBXGroup;
			children = (
				FCBD98752A6BE0040036E418 /* Constellation */,
				FCBD988F2A6BE0510036E418 /* Widget */,
				FCBD988A2A6BE0510036E418 /* Frameworks */,
				FCBD98742A6BE0040036E418 /* Products */,
			);
			sourceTree = "<group>";
		};
		FCBD98742A6BE0040036E418 /* Products */ = {
			isa = PBXGroup;
			children = (
				FCBD98732A6BE0040036E418 /* Constellation.app */,
				FCBD98892A6BE0510036E418 /* WidgetExtension.appex */,
			);
			name = Products;
			sourceTree = "<group>";
		};
		FCBD98752A6BE0040036E418 /* Constellation */ = {
			isa = PBXGroup;
			children = (
				FCBD98762A6BE0040036E418 /* ConstellationApp.swift */,
				FCBD98782A6BE0040036E418 /* ContentView.swift */,
				FCBD987A2A6BE0050036E418 /* Assets.xcassets */,
				FCBD987F2A6BE0050036E418 /* Constellation.entitlements */,
				FCBD987C2A6BE0050036E418 /* Preview Content */,
			);
			path = Constellation;
			sourceTree = "<group>";
		};
		FCBD987C2A6BE0050036E418 /* Preview Content */ = {
			isa = PBXGroup;
			children = (
				FCBD987D2A6BE0050036E418 /* Preview Assets.xcassets */,
			);
			path = "Preview Content";
			sourceTree = "<group>";
		};
		FCBD988A2A6BE0510036E418 /* Frameworks */ = {
			isa = PBXGroup;
			children = (
				FCBD988B2A6BE0510036E418 /* WidgetKit.framework */,
				FCBD988D2A6BE0510036E418 /* SwiftUI.framework */,
			);
			name = Frameworks;
			sourceTree = "<group>";
		};
		FCBD988F2A6BE0510036E418 /* Widget */ = {
			isa = PBXGroup;
			children = (
				FCBD98902A6BE0510036E418 /* Widget.swift */,
				FCBD98922A6BE0520036E418 /* Assets.xcassets */,
				FCBD98942A6BE0520036E418 /* Info.plist */,
				FCBD98952A6BE0520036E418 /* Widget.entitlements */,
			);
			path = Widget;
			sourceTree = "<group>";
		};
/* End PBXGroup section */

/* Begin PBXNativeTarget section */
		FCBD98722A6BE0040036E418 /* Constellation */ = {
			isa = PBXNativeTarget;
			buildConfigurationList = FCBD98822A6BE0050036E418 /* Build configuration list for PBXNativeTarget "Constellation" */;
			buildPhases = (
				FCBD986F2A6BE0040036E418 /* Sources */,
				FCBD98702A6BE0040036E418 /* Frameworks */,
				FCBD98712A6BE0040036E418 /* Resources */,
				FCBD989C2A6BE0520036E418 /* Embed Foundation Extensions */,
			);
			buildRules = (
			);
			dependencies = (
				FCBD98972A6BE0520036E418 /* PBXTargetDependency */,
			);
			name = Constellation;
			productName = Constellation;
			productReference = FCBD98732A6BE0040036E418 /* Constellation.app */;
			productType = "com.apple.product-type.application";
		};
		FCBD98882A6BE0510036E418 /* WidgetExtension */ = {
			isa = PBXNativeTarget;
			buildConfigurationList = FCBD98992A6BE0520036E418 /* Build configuration list for PBXNativeTarget "WidgetExtension" */;
			buildPhases = (
				FCBD98852A6BE0510036E418 /* Sources */,
				FCBD98862A6BE0510036E418 /* Frameworks */,
				FCBD98872A6BE0510036E418 /* Resources */,
			);
			buildRules = (
			);
			dependencies = (
			);
			name = WidgetExtension;
			productName = WidgetExtension;
			productReference = FCBD98892A6BE0510036E418 /* WidgetExtension.appex */;
			productType = "com.apple.product-type.app-extension";
		};
/* End PBXNativeTarget section */

/* Begin PBXProject section */
		FCBD986B2A6BE0040036E418 /* Project object */ = {
			isa = PBXProject;
			attributes = {
				BuildIndependentTargetsInParallel = 1;
				LastSwiftUpdateCheck = 1400;
				LastUpgradeCheck = 1400;
				TargetAttributes = {
					FCBD98722A6BE0040036E418 = {
						CreatedOnToolsVersion = 14.0.1;
					};
					FCBD98882A6BE0510036E418 = {
						CreatedOnToolsVersion = 14.0.1;
					};
				};
			};
			buildConfigurationList = FCBD986E2A6BE0040036E418 /* Build configuration list for PBXProject "Constellation" */;
			compatibilityVersion = "Xcode 14.0";
			developmentRegion = en;
			hasScannedForEncodings = 0;
			knownRegions = (
				en,
				Base,
			);
			mainGroup = FCBD986A2A6BE0040036E418;
			productRefGroup = FCBD98742A6BE0040036E418 /* Products */;
			projectDirPath = "";
			projectRoot = "";
			targets = (
				FCBD98722A6BE0040036E418 /* Constellation */,
				FCBD98882A6BE0510036E418 /* WidgetExtension */,
			);
		};
/* End PBXProject section */

/* Begin PBXResourcesBuildPhase section */
		FCBD98712A6BE0040036E418 /* Resources */ = {
			isa = PBXResourcesBuildPhase;
			buildActionMask = 2147483647;
			files = (
				FCBD987E2A6BE0050036E418 /* Preview Assets.xcassets in Resources */,
				FCBD987B2A6BE0050036E418 /* Assets.xcassets in Resources */,
			);
			runOnlyForDeploymentPostprocessing = 0;
		};
		FCBD98872A6BE0510036E418 /* Resources */ = {
			isa = PBXResourcesBuildPhase;
			buildActionMask = 2147483647;
			files = (
				FCBD98932A6BE0520036E418 /* Assets.xcassets in Resources */,
			);
			runOnlyForDeploymentPostprocessing = 0;
		};
/* End PBXResourcesBuildPhase section */

/* Begin PBXSourcesBuildPhase section */
		FCBD986F2A6BE0040036E418 /* Sources */ = {
			isa = PBXSourcesBuildPhase;
			buildActionMask = 2147483647;
			files = (
				FCBD98792A6BE0040036E418 /* ContentView.swift in Sources */,
				FCBD98772A6BE0040036E418 /* ConstellationApp.swift in Sources */,
			);
			runOnlyForDeploymentPostprocessing = 0;
		};
		FCBD98852A6BE0510036E418 /* Sources */ = {
			isa = PBXSourcesBuildPhase;
			buildActionMask = 2147483647;
			files = (
				FCBD98912A6BE0510036E418 /* Widget.swift in Sources */,
			);
			runOnlyForDeploymentPostprocessing = 0;
		};
/* End PBXSourcesBuildPhase section */

/* Begin PBXTargetDependency section */
		FCBD98972A6BE0520036E418 /* PBXTargetDependency */ = {
			isa = PBXTargetDependency;
			target = FCBD98882A6BE0510036E418 /* WidgetExtension */;
			targetProxy = FCBD98962A6BE0520036E418 /* PBXContainerItemProxy */;
		};
/* End PBXTargetDependency section */

/* Begin XCBuildConfiguration section */
		FCBD98802A6BE0050036E418 /* Debug */ = {
			isa = XCBuildConfiguration;
			buildSettings = {
				ALWAYS_SEARCH_USER_PATHS = NO;
				CLANG_ANALYZER_NONNULL = YES;
				CLANG_ANALYZER_NUMBER_OBJECT_CONVERSION = YES_AGGRESSIVE;
				CLANG_CXX_LANGUAGE_STANDARD = "gnu++20";
				CLANG_ENABLE_MODULES = YES;
				CLANG_ENABLE_OBJC_ARC = YES;
				CLANG_ENABLE_OBJC_WEAK = YES;
				CLANG_WARN_BLOCK_CAPTURE_AUTORELEASING = YES;
				CLANG_WARN_BOOL_CONVERSION = YES;
				CLANG_WARN_COMMA = YES;
				CLANG_WARN_CONSTANT_CONVERSION = YES;
				CLANG_WARN_DEPRECATED_OBJC_IMPLEMENTATIONS = YES;
				CLANG_WARN_DIRECT_OBJC_ISA_USAGE = YES_ERROR;
				CLANG_WARN_DOCUMENTATION_COMMENTS = YES;
				CLANG_WARN_EMPTY_BODY = YES;
				CLANG_WARN_ENUM_CONVERSION = YES;
				CLANG_WARN_INFINITE_RECURSION = YES;
				CLANG_WARN_INT_CONVERSION = YES;
				CLANG_WARN_NON_LITERAL_NULL_CONVERSION = YES;
				CLANG_WARN_OBJC_IMPLICIT_RETAIN_SELF = YES;
				CLANG_WARN_OBJC_LITERAL_CONVERSION = YES;
				CLANG_WARN_OBJC_ROOT_CLASS = YES_ERROR;
				CLANG_WARN_QUOTED_INCLUDE_IN_FRAMEWORK_HEADER = YES;
				CLANG_WARN_RANGE_LOOP_ANALYSIS = YES;
				CLANG_WARN_STRICT_PROTOTYPES = YES;
				CLANG_WARN_SUSPICIOUS_MOVE = YES;
				CLANG_WARN_UNGUARDED_AVAILABILITY = YES_AGGRESSIVE;
				CLANG_WARN_UNREACHABLE_CODE = YES;
				CLANG_WARN__DUPLICATE_METHOD_MATCH = YES;
				COPY_PHASE_STRIP = NO;
				DEBUG_INFORMATION_FORMAT = dwarf;
				ENABLE_STRICT_OBJC_MSGSEND = YES;
				ENABLE_TESTABILITY = YES;
				GCC_C_LANGUAGE_STANDARD = gnu11;
				GCC_DYNAMIC_NO_PIC = NO;
				GCC_NO_COMMON_BLOCKS = YES;
				GCC_OPTIMIZATION_LEVEL = 0;
				GCC_PREPROCESSOR_DEFINITIONS = (
					"DEBUG=1",
					"$(inherited)",
				);
				GCC_WARN_64_TO_32_BIT_CONVERSION = YES;
				GCC_WARN_ABOUT_RETURN_TYPE = YES_ERROR;
				GCC_WARN_UNDECLARED_SELECTOR = YES;
				GCC_WARN_UNINITIALIZED_AUTOS = YES_AGGRESSIVE;
				GCC_WARN_UNUSED_FUNCTION = YES;
				GCC_WARN_UNUSED_VARIABLE = YES;
				MACOSX_DEPLOYMENT_TARGET = 12.3;
				MTL_ENABLE_DEBUG_INFO = INCLUDE_SOURCE;
				MTL_FAST_MATH = YES;
				ONLY_ACTIVE_ARCH = YES;
				SDKROOT = macosx;
				SWIFT_ACTIVE_COMPILATION_CONDITIONS = DEBUG;
				SWIFT_OPTIMIZATION_LEVEL = "-Onone";
			};
			name = Debug;
		};
		FCBD98812A6BE0050036E418 /* Release */ = {
			isa = XCBuildConfiguration;
			buildSettings = {
				ALWAYS_SEARCH_USER_PATHS = NO;
				CLANG_ANALYZER_NONNULL = YES;
				CLANG_ANALYZER_NUMBER_OBJECT_CONVERSION = YES_AGGRESSIVE;
				CLANG_CXX_LANGUAGE_STANDARD = "gnu++20";
				CLANG_ENABLE_MODULES = YES;
				CLANG_ENABLE_OBJC_ARC = YES;
				CLANG_ENABLE_OBJC_WEAK = YES;
				CLANG_WARN_BLOCK_CAPTURE_AUTORELEASING = YES;
				CLANG_WARN_BOOL_CONVERSION = YES;
				CLANG_WARN_COMMA = YES;
				CLANG_WARN_CONSTANT_CONVERSION = YES;
				CLANG_WARN_DEPRECATED_OBJC_IMPLEMENTATIONS = YES;
				CLANG_WARN_DIRECT_OBJC_ISA_USAGE = YES_ERROR;
				CLANG_WARN_DOCUMENTATION_COMMENTS = YES;
				CLANG_WARN_EMPTY_BODY = YES;
				CLANG_WARN_ENUM_CONVERSION = YES;
				CLANG_WARN_INFINITE_RECURSION = YES;
				CLANG_WARN_INT_CONVERSION = YES;
				CLANG_WARN_NON_LITERAL_NULL_CONVERSION = YES;
				CLANG_WARN_OBJC_IMPLICIT_RETAIN_SELF = YES;
				CLANG_WARN_OBJC_LITERAL_CONVERSION = YES;
				CLANG_WARN_OBJC_ROOT_CLASS = YES_ERROR;
				CLANG_WARN_QUOTED_INCLUDE_IN_FRAMEWORK_HEADER = YES;
				CLANG_WARN_RANGE_LOOP_ANALYSIS = YES;
				CLANG_WARN_STRICT_PROTOTYPES = YES;
				CLANG_WARN_SUSPICIOUS_MOVE = YES;
				CLANG_WARN_UNGUARDED_AVAILABILITY = YES_AGGRESSIVE;
				CLANG_WARN_UNREACHABLE_CODE = YES;
				CLANG_WARN__DUPLICATE_METHOD_MATCH = YES;
				COPY_PHASE_STRIP = NO;
				DEBUG_INFORMATION_FORMAT = "dwarf-with-dsym";
				ENABLE_NS_ASSERTIONS = NO;
				ENABLE_STRICT_OBJC_MSGSEND = YES;
				GCC_C_LANGUAGE_STANDARD = gnu11;
				GCC_NO_COMMON_BLOCKS = YES;
				GCC_WARN_64_TO_32_BIT_CONVERSION = YES;
				GCC_WARN_ABOUT_RETURN_TYPE = YES_ERROR;
				GCC_WARN_UNDECLARED_SELECTOR = YES;
				GCC_WARN_UNINITIALIZED_AUTOS = YES_AGGRESSIVE;
				GCC_WARN_UNUSED_FUNCTION = YES;
				GCC_WARN_UNUSED_VARIABLE = YES;
				MACOSX_DEPLOYMENT_TARGET = 12.3;
				MTL_ENABLE_DEBUG_INFO = NO;
				MTL_FAST_MATH = YES;
				SDKROOT = macosx;
				SWIFT_COMPILATION_MODE = wholemodule;
				SWIFT_OPTIMIZATION_LEVEL = "-O";
			};
			name = Release;
		};
		FCBD98832A6BE0050036E418 /* Debug */ = {
			isa = XCBuildConfiguration;
			buildSettings = {
				ALWAYS_EMBED_SWIFT_STANDARD_LIBRARIES = YES;
				ASSETCATALOG_COMPILER_APPICON_NAME = AppIcon;
				ASSETCATALOG_COMPILER_GLOBAL_ACCENT_COLOR_NAME = AccentColor;
				CODE_SIGN_ENTITLEMENTS = Constellation/Constellation.entitlements;
				CODE_SIGN_STYLE = Automatic;
				COMBINE_HIDPI_IMAGES = YES;
				CURRENT_PROJECT_VERSION = 1;
				DEVELOPMENT_ASSET_PATHS = "\"Constellation/Preview Content\"";
				DEVELOPMENT_TEAM = 9Q6UB3UBW7;
				ENABLE_HARDENED_RUNTIME = YES;
				ENABLE_PREVIEWS = YES;
				GENERATE_INFOPLIST_FILE = YES;
				INFOPLIST_KEY_NSHumanReadableCopyright = "";
				LD_RUNPATH_SEARCH_PATHS = (
					"$(inherited)",
					"@executable_path/../Frameworks",
				);
				MARKETING_VERSION = 1.0;
				PRODUCT_BUNDLE_IDENTIFIER = com.aydarmedia.constellation;
				PRODUCT_NAME = "$(TARGET_NAME)";
				SWIFT_EMIT_LOC_STRINGS = YES;
				SWIFT_VERSION = 5.0;
			};
			name = Debug;
		};
		FCBD98842A6BE0050036E418 /* Release */ = {
			isa = XCBuildConfiguration;
			buildSettings = {
				ALWAYS_EMBED_SWIFT_STANDARD_LIBRARIES = YES;
				ASSETCATALOG_COMPILER_APPICON_NAME = AppIcon;
				ASSETCATALOG_COMPILER_GLOBAL_ACCENT_COLOR_NAME = AccentColor;
				CODE_SIGN_ENTITLEMENTS = Constellation/Constellation.entitlements;
				CODE_SIGN_STYLE = Automatic;
				COMBINE_HIDPI_IMAGES = YES;
				CURRENT_PROJECT_VERSION = 1;
				DEVELOPMENT_ASSET_PATHS = "\"Constellation/Preview Content\"";
				DEVELOPMENT_TEAM = 9Q6UB3UBW7;
				ENABLE_HARDENED_RUNTIME = YES;
				ENABLE_PREVIEWS = YES;
				GENERATE_INFOPLIST_FILE = YES;
				INFOPLIST_KEY_NSHumanReadableCopyright = "";
				LD_RUNPATH_SEARCH_PATHS = (
					"$(inherited)",
					"@executable_path/../Frameworks",
				);
				MARKETING_VERSION = 1.0;
				PRODUCT_BUNDLE_IDENTIFIER = com.aydarmedia.constellation;
				PRODUCT_NAME = "$(TARGET_NAME)";
				SWIFT_EMIT_LOC_STRINGS = YES;
				SWIFT_VERSION = 5.0;
			};
			name = Release;
		};
		FCBD989A2A6BE0520036E418 /* Debug */ = {
			isa = XCBuildConfiguration;
			buildSettings = {
				ASSETCATALOG_COMPILER_GLOBAL_ACCENT_COLOR_NAME = AccentColor;
				ASSETCATALOG_COMPILER_WIDGET_BACKGROUND_COLOR_NAME = WidgetBackground;
				CODE_SIGN_ENTITLEMENTS = Widget/Widget.entitlements;
				CODE_SIGN_STYLE = Automatic;
				CURRENT_PROJECT_VERSION = 1;
				DEVELOPMENT_TEAM = 9Q6UB3UBW7;
				ENABLE_HARDENED_RUNTIME = YES;
				GENERATE_INFOPLIST_FILE = YES;
				INFOPLIST_FILE = Widget/Info.plist;
				INFOPLIST_KEY_CFBundleDisplayName = Widget;
				INFOPLIST_KEY_NSHumanReadableCopyright = "";
				LD_RUNPATH_SEARCH_PATHS = (
					"$(inherited)",
					"@executable_path/../Frameworks",
					"@executable_path/../../../../Frameworks",
				);
				MACOSX_DEPLOYMENT_TARGET = 11.0;
				MARKETING_VERSION = 1.0;
				PRODUCT_BUNDLE_IDENTIFIER = com.aydarmedia.constellation.Widget;
				PRODUCT_NAME = "$(TARGET_NAME)";
				SKIP_INSTALL = YES;
				SWIFT_EMIT_LOC_STRINGS = YES;
				SWIFT_VERSION = 5.0;
			};
			name = Debug;
		};
		FCBD989B2A6BE0520036E418 /* Release */ = {
			isa = XCBuildConfiguration;
			buildSettings = {
				ASSETCATALOG_COMPILER_GLOBAL_ACCENT_COLOR_NAME = AccentColor;
				ASSETCATALOG_COMPILER_WIDGET_BACKGROUND_COLOR_NAME = WidgetBackground;
				CODE_SIGN_ENTITLEMENTS = Widget/Widget.entitlements;
				CODE_SIGN_STYLE = Automatic;
				CURRENT_PROJECT_VERSION = 1;
				DEVELOPMENT_TEAM = 9Q6UB3UBW7;
				ENABLE_HARDENED_RUNTIME = YES;
				GENERATE_INFOPLIST_FILE = YES;
				INFOPLIST_FILE = Widget/Info.plist;
				INFOPLIST_KEY_CFBundleDisplayName = Widget;
				INFOPLIST_KEY_NSHumanReadableCopyright = "";
				LD_RUNPATH_SEARCH_PATHS = (
					"$(inherited)",
					"@executable_path/../Frameworks",
					"@executable_path/../../../../Frameworks",
				);
				MACOSX_DEPLOYMENT_TARGET = 11.0;
				MARKETING_VERSION = 1.0;
				PRODUCT_BUNDLE_IDENTIFIER = com.aydarmedia.constellation.Widget;
				PRODUCT_NAME = "$(TARGET_NAME)";
				SKIP_INSTALL = YES;
				SWIFT_EMIT_LOC_STRINGS = YES;
				SWIFT_VERSION = 5.0;
			};
			name = Release;
		};
/* End XCBuildConfiguration section */

/* Begin XCConfigurationList section */
		FCBD986E2A6BE0040036E418 /* Build configuration list for PBXProject "Constellation" */ = {
			isa = XCConfigurationList;
			buildConfigurations = (
				FCBD98802A6BE0050036E418 /* Debug */,
				FCBD98812A6BE0050036E418 /* Release */,
			);
			defaultConfigurationIsVisible = 0;
			defaultConfigurationName = Release;
		};
		FCBD98822A6BE0050036E418 /* Build configuration list for PBXNativeTarget "Constellation" */ = {
			isa = XCConfigurationList;
			buildConfigurations = (
				FCBD98832A6BE0050036E418 /* Debug */,
				FCBD98842A6BE0050036E418 /* Release */,
			);
			defaultConfigurationIsVisible = 0;
			defaultConfigurationName = Release;
		};
		FCBD98992A6BE0520036E418 /* Build configuration list for PBXNativeTarget "WidgetExtension" */ = {
			isa = XCConfigurationList;
			buildConfigurations = (
				FCBD989A2A6BE0520036E418 /* Debug */,
				FCBD989B2A6BE0520036E418 /* Release */,
			);
			defaultConfigurationIsVisible = 0;
			defaultConfigurationName = Release;
		};
/* End XCConfigurationList section */
	};
	rootObject = FCBD986B2A6BE0040036E418 /* Project object */;
}
